
Microsoft Visual Studio Solution File, Format Version 12.00
# Visual Studio 15
VisualStudioVersion = 15.0.27703.2035
MinimumVisualStudioVersion = 10.0.40219.1
Project("{FAE04EC0-301F-11D3-BF4B-00C04F79EFBC}") = "SimpleWeb", "SimpleWeb\SimpleWeb.csproj", "{55904B27-0B9A-4D1B-8BE3-0D5A4DA10095}"
EndProject
Project("{FAE04EC0-301F-11D3-BF4B-00C04F79EFBC}") = "SimpleWeb.Entities", "SimpleWeb.Entities\SimpleWeb.Entities.csproj", "{7713C4CB-5237-4E6A-AFAA-149DF61CD8A5}"
EndProject
Project("{FAE04EC0-301F-11D3-BF4B-00C04F79EFBC}") = "SimpleWeb.Services", "SimpleWeb.Services\SimpleWeb.Services.csproj", "{B75D1371-D40D-4BD2-B037-1C87538C1010}"
EndProject
Project("{FAE04EC0-301F-11D3-BF4B-00C04F79EFBC}") = "SimpleWeb.Interfaces", "SimpleWeb.Interfaces\SimpleWeb.Interfaces.csproj", "{EC291090-1EEC-4A3F-A9BD-65B9B606B67E}"
EndProject
Global
	GlobalSection(SolutionConfigurationPlatforms) = preSolution
		Debug|Any CPU = Debug|Any CPU
		Release|Any CPU = Release|Any CPU
	EndGlobalSection
	GlobalSection(ProjectConfigurationPlatforms) = postSolution
		{55904B27-0B9A-4D1B-8BE3-0D5A4DA10095}.Debug|Any CPU.ActiveCfg = Debug|Any CPU
		{55904B27-0B9A-4D1B-8BE3-0D5A4DA10095}.Debug|Any CPU.Build.0 = Debug|Any CPU
		{55904B27-0B9A-4D1B-8BE3-0D5A4DA10095}.Release|Any CPU.ActiveCfg = Release|Any CPU
		{55904B27-0B9A-4D1B-8BE3-0D5A4DA10095}.Release|Any CPU.Build.0 = Release|Any CPU
		{7713C4CB-5237-4E6A-AFAA-149DF61CD8A5}.Debug|Any CPU.ActiveCfg = Debug|Any CPU
		{7713C4CB-5237-4E6A-AFAA-149DF61CD8A5}.Debug|Any CPU.Build.0 = Debug|Any CPU
		{7713C4CB-5237-4E6A-AFAA-149DF61CD8A5}.Release|Any CPU.ActiveCfg = Release|Any CPU
		{7713C4CB-5237-4E6A-AFAA-149DF61CD8A5}.Release|Any CPU.Build.0 = Release|Any CPU
		{B75D1371-D40D-4BD2-B037-1C87538C1010}.Debug|Any CPU.ActiveCfg = Debug|Any CPU
		{B75D1371-D40D-4BD2-B037-1C87538C1010}.Debug|Any CPU.Build.0 = Debug|Any CPU
		{B75D1371-D40D-4BD2-B037-1C87538C1010}.Release|Any CPU.ActiveCfg = Release|Any CPU
		{B75D1371-D40D-4BD2-B037-1C87538C1010}.Release|Any CPU.Build.0 = Release|Any CPU
		{EC291090-1EEC-4A3F-A9BD-65B9B606B67E}.Debug|Any CPU.ActiveCfg = Debug|Any CPU
		{EC291090-1EEC-4A3F-A9BD-65B9B606B67E}.Debug|Any CPU.Build.0 = Debug|Any CPU
		{EC291090-1EEC-4A3F-A9BD-65B9B606B67E}.Release|Any CPU.ActiveCfg = Release|Any CPU
		{EC291090-1EEC-4A3F-A9BD-65B9B606B67E}.Release|Any CPU.Build.0 = Release|Any CPU
	EndGlobalSection
	GlobalSection(SolutionProperties) = preSolution
		HideSolutionNode = FALSE
	EndGlobalSection
	GlobalSection(ExtensibilityGlobals) = postSolution
		SolutionGuid = {13A4215B-BA82-4453-A07F-20BE5ADC8FBE}
	EndGlobalSection
EndGlobal
